// !$*UTF8*$!
{
	archiveVersion = 1;
	classes = {
	};
	objectVersion = 46;
	objects = {

/* Begin PBXBuildFile section */
		78ED91A51D38F2820007736E /* main.m in Sources */ = {isa = PBXBuildFile; fileRef = 78ED91A41D38F2820007736E /* main.m */; };
		78ED91A81D38F2820007736E /* AppDelegate.m in Sources */ = {isa = PBXBuildFile; fileRef = 78ED91A71D38F2820007736E /* AppDelegate.m */; };
		78ED91AB1D38F2820007736E /* ViewController.m in Sources */ = {isa = PBXBuildFile; fileRef = 78ED91AA1D38F2820007736E /* ViewController.m */; };
		78ED91AE1D38F2820007736E /* Main.storyboard in Resources */ = {isa = PBXBuildFile; fileRef = 78ED91AC1D38F2820007736E /* Main.storyboard */; };
		78ED91B01D38F2820007736E /* Assets.xcassets in Resources */ = {isa = PBXBuildFile; fileRef = 78ED91AF1D38F2820007736E /* Assets.xcassets */; };
		78ED91B31D38F2820007736E /* LaunchScreen.storyboard in Resources */ = {isa = PBXBuildFile; fileRef = 78ED91B11D38F2820007736E /* LaunchScreen.storyboard */; };
		78ED91BE1D38F2820007736E /* testTests.m in Sources */ = {isa = PBXBuildFile; fileRef = 78ED91BD1D38F2820007736E /* testTests.m */; };
		78ED91C91D38F2820007736E /* testUITests.m in Sources */ = {isa = PBXBuildFile; fileRef = 78ED91C81D38F2820007736E /* testUITests.m */; };
/* End PBXBuildFile section */

/* Begin PBXContainerItemProxy section */
		78ED91BA1D38F2820007736E /* PBXContainerItemProxy */ = {
			isa = PBXContainerItemProxy;
			containerPortal = 78ED91981D38F2820007736E /* Project object */;
			proxyType = 1;
			remoteGlobalIDString = 78ED919F1D38F2820007736E;
			remoteInfo = test;
		};
		78ED91C51D38F2820007736E /* PBXContainerItemProxy */ = {
			isa = PBXContainerItemProxy;
			containerPortal = 78ED91981D38F2820007736E /* Project object */;
			proxyType = 1;
			remoteGlobalIDString = 78ED919F1D38F2820007736E;
			remoteInfo = test;
		};
/* End PBXContainerItemProxy section */

/* Begin PBXFileReference section */
		78ED91A01D38F2820007736E /* test.app */ = {isa = PBXFileReference; explicitFileType = wrapper.application; includeInIndex = 0; path = test.app; sourceTree = BUILT_PRODUCTS_DIR; };
		78ED91A41D38F2820007736E /* main.m */ = {isa = PBXFileReference; lastKnownFileType = sourcecode.c.objc; path = main.m; sourceTree = "<group>"; };
		78ED91A61D38F2820007736E /* AppDelegate.h */ = {isa = PBXFileReference; lastKnownFileType = sourcecode.c.h; path = AppDelegate.h; sourceTree = "<group>"; };
		78ED91A71D38F2820007736E /* AppDelegate.m */ = {isa = PBXFileReference; lastKnownFileType = sourcecode.c.objc; path = AppDelegate.m; sourceTree = "<group>"; };
		78ED91A91D38F2820007736E /* ViewController.h */ = {isa = PBXFileReference; lastKnownFileType = sourcecode.c.h; path = ViewController.h; sourceTree = "<group>"; };
		78ED91AA1D38F2820007736E /* ViewController.m */ = {isa = PBXFileReference; lastKnownFileType = sourcecode.c.objc; path = ViewController.m; sourceTree = "<group>"; };
		78ED91AD1D38F2820007736E /* Base */ = {isa = PBXFileReference; lastKnownFileType = file.storyboard; name = Base; path = Base.lproj/Main.storyboard; sourceTree = "<group>"; };
		78ED91AF1D38F2820007736E /* Assets.xcassets */ = {isa = PBXFileReference; lastKnownFileType = folder.assetcatalog; path = Assets.xcassets; sourceTree = "<group>"; };
		78ED91B21D38F2820007736E /* Base */ = {isa = PBXFileReference; lastKnownFileType = file.storyboard; name = Base; path = Base.lproj/LaunchScreen.storyboard; sourceTree = "<group>"; };
		78ED91B41D38F2820007736E /* Info.plist */ = {isa = PBXFileReference; lastKnownFileType = text.plist.xml; path = Info.plist; sourceTree = "<group>"; };
		78ED91B91D38F2820007736E /* testTests.xctest */ = {isa = PBXFileReference; explicitFileType = wrapper.cfbundle; includeInIndex = 0; path = testTests.xctest; sourceTree = BUILT_PRODUCTS_DIR; };
		78ED91BD1D38F2820007736E /* testTests.m */ = {isa = PBXFileReference; lastKnownFileType = sourcecode.c.objc; path = testTests.m; sourceTree = "<group>"; };
		78ED91BF1D38F2820007736E /* Info.plist */ = {isa = PBXFileReference; lastKnownFileType = text.plist.xml; path = Info.plist; sourceTree = "<group>"; };
		78ED91C41D38F2820007736E /* testUITests.xctest */ = {isa = PBXFileReference; explicitFileType = wrapper.cfbundle; includeInIndex = 0; path = testUITests.xctest; sourceTree = BUILT_PRODUCTS_DIR; };
		78ED91C81D38F2820007736E /* testUITests.m */ = {isa = PBXFileReference; lastKnownFileType = sourcecode.c.objc; path = testUITests.m; sourceTree = "<group>"; };
		78ED91CA1D38F2820007736E /* Info.plist */ = {isa = PBXFileReference; lastKnownFileType = text.plist.xml; path = Info.plist; sourceTree = "<group>"; };
/* End PBXFileReference section */

/* Begin PBXFrameworksBuildPhase section */
		78ED919D1D38F2820007736E /* Frameworks */ = {
			isa = PBXFrameworksBuildPhase;
			buildActionMask = 2147483647;
			files = (
			);
			runOnlyForDeploymentPostprocessing = 0;
		};
		78ED91B61D38F2820007736E /* Frameworks */ = {
			isa = PBXFrameworksBuildPhase;
			buildActionMask = 2147483647;
			files = (
			);
			runOnlyForDeploymentPostprocessing = 0;
		};
		78ED91C11D38F2820007736E /* Frameworks */ = {
			isa = PBXFrameworksBuildPhase;
			buildActionMask = 2147483647;
			files = (
			);
			runOnlyForDeploymentPostprocessing = 0;
		};
/* End PBXFrameworksBuildPhase section */

/* Begin PBXGroup section */
		78ED91971D38F2820007736E = {
			isa = PBXGroup;
			children = (
				78ED91A21D38F2820007736E /* test */,
				78ED91BC1D38F2820007736E /* testTests */,
				78ED91C71D38F2820007736E /* testUITests */,
				78ED91A11D38F2820007736E /* Products */,
			);
			sourceTree = "<group>";
		};
		78ED91A11D38F2820007736E /* Products */ = {
			isa = PBXGroup;
			children = (
				78ED91A01D38F2820007736E /* test.app */,
				78ED91B91D38F2820007736E /* testTests.xctest */,
				78ED91C41D38F2820007736E /* testUITests.xctest */,
			);
			name = Products;
			sourceTree = "<group>";
		};
		78ED91A21D38F2820007736E /* test */ = {
			isa = PBXGroup;
			children = (
				78ED91A61D38F2820007736E /* AppDelegate.h */,
				78ED91A71D38F2820007736E /* AppDelegate.m */,
				78ED91A91D38F2820007736E /* ViewController.h */,
				78ED91AA1D38F2820007736E /* ViewController.m */,
				78ED91AC1D38F2820007736E /* Main.storyboard */,
				78ED91AF1D38F2820007736E /* Assets.xcassets */,
				78ED91B11D38F2820007736E /* LaunchScreen.storyboard */,
				78ED91B41D38F2820007736E /* Info.plist */,
				78ED91A31D38F2820007736E /* Supporting Files */,
			);
			path = test;
			sourceTree = "<group>";
		};
		78ED91A31D38F2820007736E /* Supporting Files */ = {
			isa = PBXGroup;
			children = (
				78ED91A41D38F2820007736E /* main.m */,
			);
			name = "Supporting Files";
			sourceTree = "<group>";
		};
		78ED91BC1D38F2820007736E /* testTests */ = {
			isa = PBXGroup;
			children = (
				78ED91BD1D38F2820007736E /* testTests.m */,
				78ED91BF1D38F2820007736E /* Info.plist */,
			);
			path = testTests;
			sourceTree = "<group>";
		};
		78ED91C71D38F2820007736E /* testUITests */ = {
			isa = PBXGroup;
			children = (
				78ED91C81D38F2820007736E /* testUITests.m */,
				78ED91CA1D38F2820007736E /* Info.plist */,
			);
			path = testUITests;
			sourceTree = "<group>";
		};
/* End PBXGroup section */

/* Begin PBXNativeTarget section */
		78ED919F1D38F2820007736E /* test */ = {
			isa = PBXNativeTarget;
			buildConfigurationList = 78ED91CD1D38F2820007736E /* Build configuration list for PBXNativeTarget "test" */;
			buildPhases = (
				78ED919C1D38F2820007736E /* Sources */,
				78ED919D1D38F2820007736E /* Frameworks */,
				78ED919E1D38F2820007736E /* Resources */,
			);
			buildRules = (
			);
			dependencies = (
			);
			name = test;
			productName = test;
			productReference = 78ED91A01D38F2820007736E /* test.app */;
			productType = "com.apple.product-type.application";
		};
		78ED91B81D38F2820007736E /* testTests */ = {
			isa = PBXNativeTarget;
			buildConfigurationList = 78ED91D01D38F2820007736E /* Build configuration list for PBXNativeTarget "testTests" */;
			buildPhases = (
				78ED91B51D38F2820007736E /* Sources */,
				78ED91B61D38F2820007736E /* Frameworks */,
				78ED91B71D38F2820007736E /* Resources */,
			);
			buildRules = (
			);
			dependencies = (
				78ED91BB1D38F2820007736E /* PBXTargetDependency */,
			);
			name = testTests;
			productName = testTests;
			productReference = 78ED91B91D38F2820007736E /* testTests.xctest */;
			productType = "com.apple.product-type.bundle.unit-test";
		};
		78ED91C31D38F2820007736E /* testUITests */ = {
			isa = PBXNativeTarget;
			buildConfigurationList = 78ED91D31D38F2820007736E /* Build configuration list for PBXNativeTarget "testUITests" */;
			buildPhases = (
				78ED91C01D38F2820007736E /* Sources */,
				78ED91C11D38F2820007736E /* Frameworks */,
				78ED91C21D38F2820007736E /* Resources */,
			);
			buildRules = (
			);
			dependencies = (
				78ED91C61D38F2820007736E /* PBXTargetDependency */,
			);
			name = testUITests;
			productName = testUITests;
			productReference = 78ED91C41D38F2820007736E /* testUITests.xctest */;
			productType = "com.apple.product-type.bundle.ui-testing";
		};
/* End PBXNativeTarget section */

/* Begin PBXProject section */
		78ED91981D38F2820007736E /* Project object */ = {
			isa = PBXProject;
			attributes = {
				LastUpgradeCheck = 0730;
				ORGANIZATIONNAME = "朱国林";
				TargetAttributes = {
					78ED919F1D38F2820007736E = {
						CreatedOnToolsVersion = 7.3.1;
					};
					78ED91B81D38F2820007736E = {
						CreatedOnToolsVersion = 7.3.1;
						TestTargetID = 78ED919F1D38F2820007736E;
					};
					78ED91C31D38F2820007736E = {
						CreatedOnToolsVersion = 7.3.1;
						TestTargetID = 78ED919F1D38F2820007736E;
					};
				};
			};
			buildConfigurationList = 78ED919B1D38F2820007736E /* Build configuration list for PBXProject "test" */;
			compatibilityVersion = "Xcode 3.2";
			developmentRegion = English;
			hasScannedForEncodings = 0;
			knownRegions = (
				en,
				Base,
			);
			mainGroup = 78ED91971D38F2820007736E;
			productRefGroup = 78ED91A11D38F2820007736E /* Products */;
			projectDirPath = "";
			projectRoot = "";
			targets = (
				78ED919F1D38F2820007736E /* test */,
				78ED91B81D38F2820007736E /* testTests */,
				78ED91C31D38F2820007736E /* testUITests */,
			);
		};
/* End PBXProject section */

/* Begin PBXResourcesBuildPhase section */
		78ED919E1D38F2820007736E /* Resources */ = {
			isa = PBXResourcesBuildPhase;
			buildActionMask = 2147483647;
			files = (
				78ED91B31D38F2820007736E /* LaunchScreen.storyboard in Resources */,
				78ED91B01D38F2820007736E /* Assets.xcassets in Resources */,
				78ED91AE1D38F2820007736E /* Main.storyboard in Resources */,
			);
			runOnlyForDeploymentPostprocessing = 0;
		};
		78ED91B71D38F2820007736E /* Resources */ = {
			isa = PBXResourcesBuildPhase;
			buildActionMask = 2147483647;
			files = (
			);
			runOnlyForDeploymentPostprocessing = 0;
		};
		78ED91C21D38F2820007736E /* Resources */ = {
			isa = PBXResourcesBuildPhase;
			buildActionMask = 2147483647;
			files = (
			);
			runOnlyForDeploymentPostprocessing = 0;
		};
/* End PBXResourcesBuildPhase section */

/* Begin PBXSourcesBuildPhase section */
		78ED919C1D38F2820007736E /* Sources */ = {
			isa = PBXSourcesBuildPhase;
			buildActionMask = 2147483647;
			files = (
				78ED91AB1D38F2820007736E /* ViewController.m in Sources */,
				78ED91A81D38F2820007736E /* AppDelegate.m in Sources */,
				78ED91A51D38F2820007736E /* main.m in Sources */,
			);
			runOnlyForDeploymentPostprocessing = 0;
		};
		78ED91B51D38F2820007736E /* Sources */ = {
			isa = PBXSourcesBuildPhase;
			buildActionMask = 2147483647;
			files = (
				78ED91BE1D38F2820007736E /* testTests.m in Sources */,
			);
			runOnlyForDeploymentPostprocessing = 0;
		};
		78ED91C01D38F2820007736E /* Sources */ = {
			isa = PBXSourcesBuildPhase;
			buildActionMask = 2147483647;
			files = (
				78ED91C91D38F2820007736E /* testUITests.m in Sources */,
			);
			runOnlyForDeploymentPostprocessing = 0;
		};
/* End PBXSourcesBuildPhase section */

/* Begin PBXTargetDependency section */
		78ED91BB1D38F2820007736E /* PBXTargetDependency */ = {
			isa = PBXTargetDependency;
			target = 78ED919F1D38F2820007736E /* test */;
			targetProxy = 78ED91BA1D38F2820007736E /* PBXContainerItemProxy */;
		};
		78ED91C61D38F2820007736E /* PBXTargetDependency */ = {
			isa = PBXTargetDependency;
			target = 78ED919F1D38F2820007736E /* test */;
			targetProxy = 78ED91C51D38F2820007736E /* PBXContainerItemProxy */;
		};
/* End PBXTargetDependency section */

/* Begin PBXVariantGroup section */
		78ED91AC1D38F2820007736E /* Main.storyboard */ = {
			isa = PBXVariantGroup;
			children = (
				78ED91AD1D38F2820007736E /* Base */,
			);
			name = Main.storyboard;
			sourceTree = "<group>";
		};
		78ED91B11D38F2820007736E /* LaunchScreen.storyboard */ = {
			isa = PBXVariantGroup;
			children = (
				78ED91B21D38F2820007736E /* Base */,
			);
			name = LaunchScreen.storyboard;
			sourceTree = "<group>";
		};
/* End PBXVariantGroup section */

/* Begin XCBuildConfiguration section */
		78ED91CB1D38F2820007736E /* Debug */ = {
			isa = XCBuildConfiguration;
			buildSettings = {
				ALWAYS_SEARCH_USER_PATHS = NO;
				CLANG_ANALYZER_NONNULL = YES;
				CLANG_CXX_LANGUAGE_STANDARD = "gnu++0x";
				CLANG_CXX_LIBRARY = "libc++";
				CLANG_ENABLE_MODULES = YES;
				CLANG_ENABLE_OBJC_ARC = YES;
				CLANG_WARN_BOOL_CONVERSION = YES;
				CLANG_WARN_CONSTANT_CONVERSION = YES;
				CLANG_WARN_DIRECT_OBJC_ISA_USAGE = YES_ERROR;
				CLANG_WARN_EMPTY_BODY = YES;
				CLANG_WARN_ENUM_CONVERSION = YES;
				CLANG_WARN_INT_CONVERSION = YES;
				CLANG_WARN_OBJC_ROOT_CLASS = YES_ERROR;
				CLANG_WARN_UNREACHABLE_CODE = YES;
				CLANG_WARN__DUPLICATE_METHOD_MATCH = YES;
				"CODE_SIGN_IDENTITY[sdk=iphoneos*]" = "iPhone Developer";
				COPY_PHASE_STRIP = NO;
				DEBUG_INFORMATION_FORMAT = dwarf;
				ENABLE_STRICT_OBJC_MSGSEND = YES;
				ENABLE_TESTABILITY = YES;
				GCC_C_LANGUAGE_STANDARD = gnu99;
				GCC_DYNAMIC_NO_PIC = NO;
				GCC_NO_COMMON_BLOCKS = YES;
				GCC_OPTIMIZATION_LEVEL = 0;
				GCC_PREPROCESSOR_DEFINITIONS = (
					"DEBUG=1",
					"$(inherited)",
				);
				GCC_WARN_64_TO_32_BIT_CONVERSION = YES;
				GCC_WARN_ABOUT_RETURN_TYPE = YES_ERROR;
				GCC_WARN_UNDECLARED_SELECTOR = YES;
				GCC_WARN_UNINITIALIZED_AUTOS = YES_AGGRESSIVE;
				GCC_WARN_UNUSED_FUNCTION = YES;
				GCC_WARN_UNUSED_VARIABLE = YES;
				IPHONEOS_DEPLOYMENT_TARGET = 9.3;
				MTL_ENABLE_DEBUG_INFO = YES;
				ONLY_ACTIVE_ARCH = YES;
				SDKROOT = iphoneos;
				TARGETED_DEVICE_FAMILY = "1,2";
			};
			name = Debug;
		};
		78ED91CC1D38F2820007736E /* Release */ = {
			isa = XCBuildConfiguration;
			buildSettings = {
				ALWAYS_SEARCH_USER_PATHS = NO;
				CLANG_ANALYZER_NONNULL = YES;
				CLANG_CXX_LANGUAGE_STANDARD = "gnu++0x";
				CLANG_CXX_LIBRARY = "libc++";
				CLANG_ENABLE_MODULES = YES;
				CLANG_ENABLE_OBJC_ARC = YES;
				CLANG_WARN_BOOL_CONVERSION = YES;
				CLANG_WARN_CONSTANT_CONVERSION = YES;
				CLANG_WARN_DIRECT_OBJC_ISA_USAGE = YES_ERROR;
				CLANG_WARN_EMPTY_BODY = YES;
				CLANG_WARN_ENUM_CONVERSION = YES;
				CLANG_WARN_INT_CONVERSION = YES;
				CLANG_WARN_OBJC_ROOT_CLASS = YES_ERROR;
				CLANG_WARN_UNREACHABLE_CODE = YES;
				CLANG_WARN__DUPLICATE_METHOD_MATCH = YES;
				"CODE_SIGN_IDENTITY[sdk=iphoneos*]" = "iPhone Developer";
				COPY_PHASE_STRIP = NO;
				DEBUG_INFORMATION_FORMAT = "dwarf-with-dsym";
				ENABLE_NS_ASSERTIONS = NO;
				ENABLE_STRICT_OBJC_MSGSEND = YES;
				GCC_C_LANGUAGE_STANDARD = gnu99;
				GCC_NO_COMMON_BLOCKS = YES;
				GCC_WARN_64_TO_32_BIT_CONVERSION = YES;
				GCC_WARN_ABOUT_RETURN_TYPE = YES_ERROR;
				GCC_WARN_UNDECLARED_SELECTOR = YES;
				GCC_WARN_UNINITIALIZED_AUTOS = YES_AGGRESSIVE;
				GCC_WARN_UNUSED_FUNCTION = YES;
				GCC_WARN_UNUSED_VARIABLE = YES;
				IPHONEOS_DEPLOYMENT_TARGET = 9.3;
				MTL_ENABLE_DEBUG_INFO = NO;
				SDKROOT = iphoneos;
				TARGETED_DEVICE_FAMILY = "1,2";
				VALIDATE_PRODUCT = YES;
			};
			name = Release;
		};
		78ED91CE1D38F2820007736E /* Debug */ = {
			isa = XCBuildConfiguration;
			buildSettings = {
				ASSETCATALOG_COMPILER_APPICON_NAME = AppIcon;
				INFOPLIST_FILE = test/Info.plist;
				LD_RUNPATH_SEARCH_PATHS = "$(inherited) @executable_path/Frameworks";
				PRODUCT_BUNDLE_IDENTIFIER = zhuguolin.test;
				PRODUCT_NAME = "$(TARGET_NAME)";
			};
			name = Debug;
		};
		78ED91CF1D38F2820007736E /* Release */ = {
			isa = XCBuildConfiguration;
			buildSettings = {
				ASSETCATALOG_COMPILER_APPICON_NAME = AppIcon;
				INFOPLIST_FILE = test/Info.plist;
				LD_RUNPATH_SEARCH_PATHS = "$(inherited) @executable_path/Frameworks";
				PRODUCT_BUNDLE_IDENTIFIER = zhuguolin.test;
				PRODUCT_NAME = "$(TARGET_NAME)";
			};
			name = Release;
		};
		78ED91D11D38F2820007736E /* Debug */ = {
			isa = XCBuildConfiguration;
			buildSettings = {
				BUNDLE_LOADER = "$(TEST_HOST)";
				INFOPLIST_FILE = testTests/Info.plist;
				LD_RUNPATH_SEARCH_PATHS = "$(inherited) @executable_path/Frameworks @loader_path/Frameworks";
				PRODUCT_BUNDLE_IDENTIFIER = zhuguolin.testTests;
				PRODUCT_NAME = "$(TARGET_NAME)";
				TEST_HOST = "$(BUILT_PRODUCTS_DIR)/test.app/test";
			};
			name = Debug;
		};
		78ED91D21D38F2820007736E /* Release */ = {
			isa = XCBuildConfiguration;
			buildSettings = {
				BUNDLE_LOADER = "$(TEST_HOST)";
				INFOPLIST_FILE = testTests/Info.plist;
				LD_RUNPATH_SEARCH_PATHS = "$(inherited) @executable_path/Frameworks @loader_path/Frameworks";
				PRODUCT_BUNDLE_IDENTIFIER = zhuguolin.testTests;
				PRODUCT_NAME = "$(TARGET_NAME)";
				TEST_HOST = "$(BUILT_PRODUCTS_DIR)/test.app/test";
			};
			name = Release;
		};
		78ED91D41D38F2820007736E /* Debug */ = {
			isa = XCBuildConfiguration;
			buildSettings = {
				INFOPLIST_FILE = testUITests/Info.plist;
				LD_RUNPATH_SEARCH_PATHS = "$(inherited) @executable_path/Frameworks @loader_path/Frameworks";
				PRODUCT_BUNDLE_IDENTIFIER = zhuguolin.testUITests;
				PRODUCT_NAME = "$(TARGET_NAME)";
				TEST_TARGET_NAME = test;
			};
			name = Debug;
		};
		78ED91D51D38F2820007736E /* Release */ = {
			isa = XCBuildConfiguration;
			buildSettings = {
				INFOPLIST_FILE = testUITests/Info.plist;
				LD_RUNPATH_SEARCH_PATHS = "$(inherited) @executable_path/Frameworks @loader_path/Frameworks";
				PRODUCT_BUNDLE_IDENTIFIER = zhuguolin.testUITests;
				PRODUCT_NAME = "$(TARGET_NAME)";
				TEST_TARGET_NAME = test;
			};
			name = Release;
		};
/* End XCBuildConfiguration section */

/* Begin XCConfigurationList section */
		78ED919B1D38F2820007736E /* Build configuration list for PBXProject "test" */ = {
			isa = XCConfigurationList;
			buildConfigurations = (
				78ED91CB1D38F2820007736E /* Debug */,
				78ED91CC1D38F2820007736E /* Release */,
			);
			defaultConfigurationIsVisible = 0;
			defaultConfigurationName = Release;
		};
		78ED91CD1D38F2820007736E /* Build configuration list for PBXNativeTarget "test" */ = {
			isa = XCConfigurationList;
			buildConfigurations = (
				78ED91CE1D38F2820007736E /* Debug */,
				78ED91CF1D38F2820007736E /* Release */,
			);
			defaultConfigurationIsVisible = 0;
		};
		78ED91D01D38F2820007736E /* Build configuration list for PBXNativeTarget "testTests" */ = {
			isa = XCConfigurationList;
			buildConfigurations = (
				78ED91D11D38F2820007736E /* Debug */,
				78ED91D21D38F2820007736E /* Release */,
			);
			defaultConfigurationIsVisible = 0;
		};
		78ED91D31D38F2820007736E /* Build configuration list for PBXNativeTarget "testUITests" */ = {
			isa = XCConfigurationList;
			buildConfigurations = (
				78ED91D41D38F2820007736E /* Debug */,
				78ED91D51D38F2820007736E /* Release */,
			);
			defaultConfigurationIsVisible = 0;
		};
/* End XCConfigurationList section */
	};
	rootObject = 78ED91981D38F2820007736E /* Project object */;
}
